
Microsoft Visual Studio Solution File, Format Version 12.00
# Visual Studio Version 17
VisualStudioVersion = 17.14.37411.7
MinimumVisualStudioVersion = 10.0.40219.1
Project("{FAE04EC0-301F-11D3-BF4B-00C04F79EFBC}") = "Catalog.API", "Catalog.API\Catalog.API.csproj", "{C62BBA58-A335-4E6C-8B01-222A7A8FB09F}"
EndProject
Project("{FAE04EC0-301F-11D3-BF4B-00C04F79EFBC}") = "Catalog.API.Tests", "Catalog.API.Tests\Catalog.API.Tests.csproj", "{99F4DD87-3461-4B9B-9BFD-A9F8D531D4DE}"
EndProject
Global
	GlobalSection(SolutionConfigurationPlatforms) = preSolution
		Debug|Any CPU = Debug|Any CPU
		Debug|x64 = Debug|x64
		Debug|x86 = Debug|x86
		Release|Any CPU = Release|Any CPU
		Release|x64 = Release|x64
		Release|x86 = Release|x86
	EndGlobalSection
	GlobalSection(ProjectConfigurationPlatforms) = postSolution
		{C62BBA58-A335-4E6C-8B01-222A7A8FB09F}.Debug|Any CPU.ActiveCfg = Debug|Any CPU
		{C62BBA58-A335-4E6C-8B01-222A7A8FB09F}.Debug|Any CPU.Build.0 = Debug|Any CPU
		{C62BBA58-A335-4E6C-8B01-222A7A8FB09F}.Debug|x64.ActiveCfg = Debug|Any CPU
		{C62BBA58-A335-4E6C-8B01-222A7A8FB09F}.Debug|x64.Build.0 = Debug|Any CPU
		{C62BBA58-A335-4E6C-8B01-222A7A8FB09F}.Debug|x86.ActiveCfg = Debug|Any CPU
		{C62BBA58-A335-4E6C-8B01-222A7A8FB09F}.Debug|x86.Build.0 = Debug|Any CPU
		{C62BBA58-A335-4E6C-8B01-222A7A8FB09F}.Release|Any CPU.ActiveCfg = Release|Any CPU
		{C62BBA58-A335-4E6C-8B01-222A7A8FB09F}.Release|Any CPU.Build.0 = Release|Any CPU
		{C62BBA58-A335-4E6C-8B01-222A7A8FB09F}.Release|x64.ActiveCfg = Release|Any CPU
		{C62BBA58-A335-4E6C-8B01-222A7A8FB09F}.Release|x64.Build.0 = Release|Any CPU
		{C62BBA58-A335-4E6C-8B01-222A7A8FB09F}.Release|x86.ActiveCfg = Release|Any CPU
		{C62BBA58-A335-4E6C-8B01-222A7A8FB09F}.Release|x86.Build.0 = Release|Any CPU
		{99F4DD87-3461-4B9B-9BFD-A9F8D531D4DE}.Debug|Any CPU.ActiveCfg = Debug|Any CPU
		{99F4DD87-3461-4B9B-9BFD-A9F8D531D4DE}.Debug|Any CPU.Build.0 = Debug|Any CPU
		{99F4DD87-3461-4B9B-9BFD-A9F8D531D4DE}.Debug|x64.ActiveCfg = Debug|Any CPU
		{99F4DD87-3461-4B9B-9BFD-A9F8D531D4DE}.Debug|x64.Build.0 = Debug|Any CPU
		{99F4DD87-3461-4B9B-9BFD-A9F8D531D4DE}.Debug|x86.ActiveCfg = Debug|Any CPU
		{99F4DD87-3461-4B9B-9BFD-A9F8D531D4DE}.Debug|x86.Build.0 = Debug|Any CPU
		{99F4DD87-3461-4B9B-9BFD-A9F8D531D4DE}.Release|Any CPU.ActiveCfg = Release|Any CPU
		{99F4DD87-3461-4B9B-9BFD-A9F8D531D4DE}.Release|Any CPU.Build.0 = Release|Any CPU
		{99F4DD87-3461-4B9B-9BFD-A9F8D531D4DE}.Release|x64.ActiveCfg = Release|Any CPU
		{99F4DD87-3461-4B9B-9BFD-A9F8D531D4DE}.Release|x64.Build.0 = Release|Any CPU
		{99F4DD87-3461-4B9B-9BFD-A9F8D531D4DE}.Release|x86.ActiveCfg = Release|Any CPU
		{99F4DD87-3461-4B9B-9BFD-A9F8D531D4DE}.Release|x86.Build.0 = Release|Any CPU
	EndGlobalSection
	GlobalSection(SolutionProperties) = preSolution
		HideSolutionNode = FALSE
	EndGlobalSection
	GlobalSection(ExtensibilityGlobals) = postSolution
		SolutionGuid = {FCB697FD-1855-43C0-A34C-806385024EA5}
	EndGlobalSection
EndGlobal
